
Microsoft Visual Studio Solution File, Format Version 12.00
# Visual Studio Version 17
VisualStudioVersion = 17.1.32407.343
MinimumVisualStudioVersion = 10.0.40219.1
Project("{9A19103F-16F7-4668-BE54-9A1E7A4F7556}") = "backgroundworker", "backgroundworker\backgroundworker.csproj", "{4A8A360D-E329-4AF6-A842-8A49DDABC514}"
EndProject
Project("{9A19103F-16F7-4668-BE54-9A1E7A4F7556}") = "clh", "clh\clh.csproj", "{2CB880DB-448A-4CA7-82EC-35F48B4FFB8E}"
EndProject
Global
	GlobalSection(SolutionConfigurationPlatforms) = preSolution
		Debug|Any CPU = Debug|Any CPU
		Release|Any CPU = Release|Any CPU
	EndGlobalSection
	GlobalSection(ProjectConfigurationPlatforms) = postSolution
		{4A8A360D-E329-4AF6-A842-8A49DDABC514}.Debug|Any CPU.ActiveCfg = Debug|Any CPU
		{4A8A360D-E329-4AF6-A842-8A49DDABC514}.Debug|Any CPU.Build.0 = Debug|Any CPU
		{4A8A360D-E329-4AF6-A842-8A49DDABC514}.Release|Any CPU.ActiveCfg = Release|Any CPU
		{4A8A360D-E329-4AF6-A842-8A49DDABC514}.Release|Any CPU.Build.0 = Release|Any CPU
		{2CB880DB-448A-4CA7-82EC-35F48B4FFB8E}.Debug|Any CPU.ActiveCfg = Debug|Any CPU
		{2CB880DB-448A-4CA7-82EC-35F48B4FFB8E}.Debug|Any CPU.Build.0 = Debug|Any CPU
		{2CB880DB-448A-4CA7-82EC-35F48B4FFB8E}.Release|Any CPU.ActiveCfg = Release|Any CPU
		{2CB880DB-448A-4CA7-82EC-35F48B4FFB8E}.Release|Any CPU.Build.0 = Release|Any CPU
	EndGlobalSection
	GlobalSection(SolutionProperties) = preSolution
		HideSolutionNode = FALSE
	EndGlobalSection
	GlobalSection(ExtensibilityGlobals) = postSolution
		SolutionGuid = {F5ED6EE4-8A1F-448D-9563-7FA5F0C24910}
	EndGlobalSection
EndGlobal
